// !$*UTF8*$!
{
	archiveVersion = 1;
	classes = {
	};
	objectVersion = 56;
	objects = {

/* Begin PBXBuildFile section */
		4D68AF0B2B24EECE00BAAEAD /* OwnAccountView.swift in Sources */ = {isa = PBXBuildFile; fileRef = 4D68AF0A2B24EECE00BAAEAD /* OwnAccountView.swift */; };
		4DB0AA542B2131F900E08AAE /* MyDogsView.swift in Sources */ = {isa = PBXBuildFile; fileRef = 4DB0AA4E2B2131F900E08AAE /* MyDogsView.swift */; };
		4DB0AA552B2131F900E08AAE /* OwnDogView.swift in Sources */ = {isa = PBXBuildFile; fileRef = 4DB0AA4F2B2131F900E08AAE /* OwnDogView.swift */; };
		4DB0AA562B2131F900E08AAE /* MainView.swift in Sources */ = {isa = PBXBuildFile; fileRef = 4DB0AA502B2131F900E08AAE /* MainView.swift */; };
		4DB0AA572B2131F900E08AAE /* DogCardView.swift in Sources */ = {isa = PBXBuildFile; fileRef = 4DB0AA512B2131F900E08AAE /* DogCardView.swift */; };
		4DB0AA582B2131F900E08AAE /* BackgroundLogic.swift in Sources */ = {isa = PBXBuildFile; fileRef = 4DB0AA522B2131F900E08AAE /* BackgroundLogic.swift */; };
		4DB0AA592B2131F900E08AAE /* CreateNewDogView.swift in Sources */ = {isa = PBXBuildFile; fileRef = 4DB0AA532B2131F900E08AAE /* CreateNewDogView.swift */; };
		4DB0AA5B2B2137CC00E08AAE /* SearchView.swift in Sources */ = {isa = PBXBuildFile; fileRef = 4DB0AA5A2B2137CC00E08AAE /* SearchView.swift */; };
		4DB0AA652B22651200E08AAE /* GoogleService-Info.plist in Resources */ = {isa = PBXBuildFile; fileRef = 4DB0AA642B22651200E08AAE /* GoogleService-Info.plist */; };
		4DB0AA672B22669F00E08AAE /* SignUpView.swift in Sources */ = {isa = PBXBuildFile; fileRef = 4DB0AA662B22669F00E08AAE /* SignUpView.swift */; };
		581A4BFC2B1F824C004B7140 /* FirebaseAnalytics in Frameworks */ = {isa = PBXBuildFile; productRef = 581A4BFB2B1F824C004B7140 /* FirebaseAnalytics */; };
		581A4BFE2B1F824C004B7140 /* FirebaseAnalyticsOnDeviceConversion in Frameworks */ = {isa = PBXBuildFile; productRef = 581A4BFD2B1F824C004B7140 /* FirebaseAnalyticsOnDeviceConversion */; };
		581A4C002B1F824C004B7140 /* FirebaseAnalyticsSwift in Frameworks */ = {isa = PBXBuildFile; productRef = 581A4BFF2B1F824C004B7140 /* FirebaseAnalyticsSwift */; };
		581A4C022B1F824C004B7140 /* FirebaseAnalyticsWithoutAdIdSupport in Frameworks */ = {isa = PBXBuildFile; productRef = 581A4C012B1F824C004B7140 /* FirebaseAnalyticsWithoutAdIdSupport */; };
		581A4C042B1F824C004B7140 /* FirebaseAppCheck in Frameworks */ = {isa = PBXBuildFile; productRef = 581A4C032B1F824C004B7140 /* FirebaseAppCheck */; };
		581A4C072B1F8516004B7140 /* FirebaseFirestore in Frameworks */ = {isa = PBXBuildFile; productRef = 581A4C062B1F8516004B7140 /* FirebaseFirestore */; };
		5838B3EC2B1F7C3300E43B91 /* DoggyStyleApp.swift in Sources */ = {isa = PBXBuildFile; fileRef = 5838B3EB2B1F7C3300E43B91 /* DoggyStyleApp.swift */; };
		5838B3EE2B1F7C3300E43B91 /* ContentView.swift in Sources */ = {isa = PBXBuildFile; fileRef = 5838B3ED2B1F7C3300E43B91 /* ContentView.swift */; };
		5838B3F02B1F7C3300E43B91 /* Item.swift in Sources */ = {isa = PBXBuildFile; fileRef = 5838B3EF2B1F7C3300E43B91 /* Item.swift */; };
		5838B3F22B1F7C3400E43B91 /* Assets.xcassets in Resources */ = {isa = PBXBuildFile; fileRef = 5838B3F12B1F7C3400E43B91 /* Assets.xcassets */; };
		5838B3F52B1F7C3400E43B91 /* Preview Assets.xcassets in Resources */ = {isa = PBXBuildFile; fileRef = 5838B3F42B1F7C3400E43B91 /* Preview Assets.xcassets */; };
		585614B52B2300FF00BF076A /* AuthenticationViewModel.swift in Sources */ = {isa = PBXBuildFile; fileRef = 585614B42B2300FF00BF076A /* AuthenticationViewModel.swift */; };
		585614B72B23012900BF076A /* FirebaseAuth in Frameworks */ = {isa = PBXBuildFile; productRef = 585614B62B23012900BF076A /* FirebaseAuth */; };
		585614BA2B23019900BF076A /* GoogleSignIn in Frameworks */ = {isa = PBXBuildFile; productRef = 585614B92B23019900BF076A /* GoogleSignIn */; };
		585614BC2B23019900BF076A /* GoogleSignInSwift in Frameworks */ = {isa = PBXBuildFile; productRef = 585614BB2B23019900BF076A /* GoogleSignInSwift */; };
		585614BE2B23022700BF076A /* RootViewController.swift in Sources */ = {isa = PBXBuildFile; fileRef = 585614BD2B23022700BF076A /* RootViewController.swift */; };
		B899D4542B21FEBF00AD2A14 /* GoogleService-Info.plist in Resources */ = {isa = PBXBuildFile; fileRef = B899D4532B21FEBF00AD2A14 /* GoogleService-Info.plist */; };
		B899D4562B2205A000AD2A14 /* CreateDogsFile.swift in Sources */ = {isa = PBXBuildFile; fileRef = B899D4552B2205A000AD2A14 /* CreateDogsFile.swift */; };
/* End PBXBuildFile section */

/* Begin PBXFileReference section */
		4D68AF0A2B24EECE00BAAEAD /* OwnAccountView.swift */ = {isa = PBXFileReference; lastKnownFileType = sourcecode.swift; path = OwnAccountView.swift; sourceTree = "<group>"; };
		4DB0AA4E2B2131F900E08AAE /* MyDogsView.swift */ = {isa = PBXFileReference; fileEncoding = 4; lastKnownFileType = sourcecode.swift; path = MyDogsView.swift; sourceTree = "<group>"; };
		4DB0AA4F2B2131F900E08AAE /* OwnDogView.swift */ = {isa = PBXFileReference; fileEncoding = 4; lastKnownFileType = sourcecode.swift; path = OwnDogView.swift; sourceTree = "<group>"; };
		4DB0AA502B2131F900E08AAE /* MainView.swift */ = {isa = PBXFileReference; fileEncoding = 4; lastKnownFileType = sourcecode.swift; path = MainView.swift; sourceTree = "<group>"; };
		4DB0AA512B2131F900E08AAE /* DogCardView.swift */ = {isa = PBXFileReference; fileEncoding = 4; lastKnownFileType = sourcecode.swift; path = DogCardView.swift; sourceTree = "<group>"; };
		4DB0AA522B2131F900E08AAE /* BackgroundLogic.swift */ = {isa = PBXFileReference; fileEncoding = 4; lastKnownFileType = sourcecode.swift; path = BackgroundLogic.swift; sourceTree = "<group>"; };
		4DB0AA532B2131F900E08AAE /* CreateNewDogView.swift */ = {isa = PBXFileReference; fileEncoding = 4; lastKnownFileType = sourcecode.swift; path = CreateNewDogView.swift; sourceTree = "<group>"; };
		4DB0AA5A2B2137CC00E08AAE /* SearchView.swift */ = {isa = PBXFileReference; lastKnownFileType = sourcecode.swift; path = SearchView.swift; sourceTree = "<group>"; };
		4DB0AA632B2264E700E08AAE /* Info.plist */ = {isa = PBXFileReference; lastKnownFileType = text.plist.xml; path = Info.plist; sourceTree = "<group>"; };
		4DB0AA642B22651200E08AAE /* GoogleService-Info.plist */ = {isa = PBXFileReference; fileEncoding = 4; lastKnownFileType = text.plist.xml; path = "GoogleService-Info.plist"; sourceTree = "<group>"; };
		4DB0AA662B22669F00E08AAE /* SignUpView.swift */ = {isa = PBXFileReference; lastKnownFileType = sourcecode.swift; path = SignUpView.swift; sourceTree = "<group>"; };
		5838B3E82B1F7C3300E43B91 /* DoggyStyle.app */ = {isa = PBXFileReference; explicitFileType = wrapper.application; includeInIndex = 0; path = DoggyStyle.app; sourceTree = BUILT_PRODUCTS_DIR; };
		5838B3EB2B1F7C3300E43B91 /* DoggyStyleApp.swift */ = {isa = PBXFileReference; lastKnownFileType = sourcecode.swift; path = DoggyStyleApp.swift; sourceTree = "<group>"; };
		5838B3ED2B1F7C3300E43B91 /* ContentView.swift */ = {isa = PBXFileReference; lastKnownFileType = sourcecode.swift; path = ContentView.swift; sourceTree = "<group>"; };
		5838B3EF2B1F7C3300E43B91 /* Item.swift */ = {isa = PBXFileReference; lastKnownFileType = sourcecode.swift; path = Item.swift; sourceTree = "<group>"; };
		5838B3F12B1F7C3400E43B91 /* Assets.xcassets */ = {isa = PBXFileReference; lastKnownFileType = folder.assetcatalog; path = Assets.xcassets; sourceTree = "<group>"; };
		5838B3F42B1F7C3400E43B91 /* Preview Assets.xcassets */ = {isa = PBXFileReference; lastKnownFileType = folder.assetcatalog; path = "Preview Assets.xcassets"; sourceTree = "<group>"; };
		585614B42B2300FF00BF076A /* AuthenticationViewModel.swift */ = {isa = PBXFileReference; lastKnownFileType = sourcecode.swift; path = AuthenticationViewModel.swift; sourceTree = "<group>"; };
		585614BD2B23022700BF076A /* RootViewController.swift */ = {isa = PBXFileReference; lastKnownFileType = sourcecode.swift; path = RootViewController.swift; sourceTree = "<group>"; };
		B899D4532B21FEBF00AD2A14 /* GoogleService-Info.plist */ = {isa = PBXFileReference; fileEncoding = 4; lastKnownFileType = text.plist.xml; path = "GoogleService-Info.plist"; sourceTree = "<group>"; };
		B899D4552B2205A000AD2A14 /* CreateDogsFile.swift */ = {isa = PBXFileReference; lastKnownFileType = sourcecode.swift; path = CreateDogsFile.swift; sourceTree = "<group>"; };
/* End PBXFileReference section */

/* Begin PBXFrameworksBuildPhase section */
		5838B3E52B1F7C3300E43B91 /* Frameworks */ = {
			isa = PBXFrameworksBuildPhase;
			buildActionMask = 2147483647;
			files = (
				585614BC2B23019900BF076A /* GoogleSignInSwift in Frameworks */,
				581A4C002B1F824C004B7140 /* FirebaseAnalyticsSwift in Frameworks */,
				585614BA2B23019900BF076A /* GoogleSignIn in Frameworks */,
				581A4BFC2B1F824C004B7140 /* FirebaseAnalytics in Frameworks */,
				581A4BFE2B1F824C004B7140 /* FirebaseAnalyticsOnDeviceConversion in Frameworks */,
				581A4C042B1F824C004B7140 /* FirebaseAppCheck in Frameworks */,
				581A4C022B1F824C004B7140 /* FirebaseAnalyticsWithoutAdIdSupport in Frameworks */,
				585614B72B23012900BF076A /* FirebaseAuth in Frameworks */,
				581A4C072B1F8516004B7140 /* FirebaseFirestore in Frameworks */,
			);
			runOnlyForDeploymentPostprocessing = 0;
		};
/* End PBXFrameworksBuildPhase section */

/* Begin PBXGroup section */
		4DB0AA5C2B213B4800E08AAE /* Views */ = {
			isa = PBXGroup;
			children = (
				4DB0AA532B2131F900E08AAE /* CreateNewDogView.swift */,
				B899D4552B2205A000AD2A14 /* CreateDogsFile.swift */,
				4DB0AA5A2B2137CC00E08AAE /* SearchView.swift */,
				4DB0AA512B2131F900E08AAE /* DogCardView.swift */,
				4DB0AA502B2131F900E08AAE /* MainView.swift */,
				4DB0AA4E2B2131F900E08AAE /* MyDogsView.swift */,
				4DB0AA4F2B2131F900E08AAE /* OwnDogView.swift */,
				5838B3ED2B1F7C3300E43B91 /* ContentView.swift */,
				4DB0AA662B22669F00E08AAE /* SignUpView.swift */,
				4D68AF0A2B24EECE00BAAEAD /* OwnAccountView.swift */,
			);
			path = Views;
			sourceTree = "<group>";
		};
		581A4C052B1F8516004B7140 /* Frameworks */ = {
			isa = PBXGroup;
			children = (
			);
			name = Frameworks;
			sourceTree = "<group>";
		};
		5838B3DF2B1F7C3300E43B91 = {
			isa = PBXGroup;
			children = (
				5838B3EA2B1F7C3300E43B91 /* DoggyStyle */,
				5838B3E92B1F7C3300E43B91 /* Products */,
				581A4C052B1F8516004B7140 /* Frameworks */,
			);
			sourceTree = "<group>";
		};
		5838B3E92B1F7C3300E43B91 /* Products */ = {
			isa = PBXGroup;
			children = (
				5838B3E82B1F7C3300E43B91 /* DoggyStyle.app */,
			);
			name = Products;
			sourceTree = "<group>";
		};
		5838B3EA2B1F7C3300E43B91 /* DoggyStyle */ = {
			isa = PBXGroup;
			children = (
				5838B3EB2B1F7C3300E43B91 /* DoggyStyleApp.swift */,
				585614B42B2300FF00BF076A /* AuthenticationViewModel.swift */,
				585614BD2B23022700BF076A /* RootViewController.swift */,
				B899D4532B21FEBF00AD2A14 /* GoogleService-Info.plist */,
				4DB0AA522B2131F900E08AAE /* BackgroundLogic.swift */,
				4DB0AA5C2B213B4800E08AAE /* Views */,
				5838B3EF2B1F7C3300E43B91 /* Item.swift */,
				5838B3F12B1F7C3400E43B91 /* Assets.xcassets */,
				4DB0AA632B2264E700E08AAE /* Info.plist */,
				4DB0AA642B22651200E08AAE /* GoogleService-Info.plist */,
				5838B3F32B1F7C3400E43B91 /* Preview Content */,
			);
			path = DoggyStyle;
			sourceTree = "<group>";
		};
		5838B3F32B1F7C3400E43B91 /* Preview Content */ = {
			isa = PBXGroup;
			children = (
				5838B3F42B1F7C3400E43B91 /* Preview Assets.xcassets */,
			);
			path = "Preview Content";
			sourceTree = "<group>";
		};
/* End PBXGroup section */

/* Begin PBXNativeTarget section */
		5838B3E72B1F7C3300E43B91 /* DoggyStyle */ = {
			isa = PBXNativeTarget;
			buildConfigurationList = 5838B3F82B1F7C3400E43B91 /* Build configuration list for PBXNativeTarget "DoggyStyle" */;
			buildPhases = (
				5838B3E42B1F7C3300E43B91 /* Sources */,
				5838B3E52B1F7C3300E43B91 /* Frameworks */,
				5838B3E62B1F7C3300E43B91 /* Resources */,
			);
			buildRules = (
			);
			dependencies = (
			);
			name = DoggyStyle;
			packageProductDependencies = (
				581A4BFB2B1F824C004B7140 /* FirebaseAnalytics */,
				581A4BFD2B1F824C004B7140 /* FirebaseAnalyticsOnDeviceConversion */,
				581A4BFF2B1F824C004B7140 /* FirebaseAnalyticsSwift */,
				581A4C012B1F824C004B7140 /* FirebaseAnalyticsWithoutAdIdSupport */,
				581A4C032B1F824C004B7140 /* FirebaseAppCheck */,
				581A4C062B1F8516004B7140 /* FirebaseFirestore */,
				585614B62B23012900BF076A /* FirebaseAuth */,
				585614B92B23019900BF076A /* GoogleSignIn */,
				585614BB2B23019900BF076A /* GoogleSignInSwift */,
			);
			productName = DoggyStyle;
			productReference = 5838B3E82B1F7C3300E43B91 /* DoggyStyle.app */;
			productType = "com.apple.product-type.application";
		};
/* End PBXNativeTarget section */

/* Begin PBXProject section */
		5838B3E02B1F7C3300E43B91 /* Project object */ = {
			isa = PBXProject;
			attributes = {
				BuildIndependentTargetsInParallel = 1;
				LastSwiftUpdateCheck = 1500;
				LastUpgradeCheck = 1500;
				TargetAttributes = {
					5838B3E72B1F7C3300E43B91 = {
						CreatedOnToolsVersion = 15.0;
					};
				};
			};
			buildConfigurationList = 5838B3E32B1F7C3300E43B91 /* Build configuration list for PBXProject "DoggyStyle" */;
			compatibilityVersion = "Xcode 14.0";
			developmentRegion = en;
			hasScannedForEncodings = 0;
			knownRegions = (
				en,
				Base,
			);
			mainGroup = 5838B3DF2B1F7C3300E43B91;
			packageReferences = (
				581A4BFA2B1F824C004B7140 /* XCRemoteSwiftPackageReference "firebase-ios-sdk" */,
				585614B82B23019900BF076A /* XCRemoteSwiftPackageReference "GoogleSignIn-iOS" */,
			);
			productRefGroup = 5838B3E92B1F7C3300E43B91 /* Products */;
			projectDirPath = "";
			projectRoot = "";
			targets = (
				5838B3E72B1F7C3300E43B91 /* DoggyStyle */,
			);
		};
/* End PBXProject section */

/* Begin PBXResourcesBuildPhase section */
		5838B3E62B1F7C3300E43B91 /* Resources */ = {
			isa = PBXResourcesBuildPhase;
			buildActionMask = 2147483647;
			files = (
				5838B3F52B1F7C3400E43B91 /* Preview Assets.xcassets in Resources */,
				5838B3F22B1F7C3400E43B91 /* Assets.xcassets in Resources */,
				4DB0AA652B22651200E08AAE /* GoogleService-Info.plist in Resources */,
				B899D4542B21FEBF00AD2A14 /* GoogleService-Info.plist in Resources */,
			);
			runOnlyForDeploymentPostprocessing = 0;
		};
/* End PBXResourcesBuildPhase section */

/* Begin PBXSourcesBuildPhase section */
		5838B3E42B1F7C3300E43B91 /* Sources */ = {
			isa = PBXSourcesBuildPhase;
			buildActionMask = 2147483647;
			files = (
				585614B52B2300FF00BF076A /* AuthenticationViewModel.swift in Sources */,
				4DB0AA5B2B2137CC00E08AAE /* SearchView.swift in Sources */,
				5838B3EE2B1F7C3300E43B91 /* ContentView.swift in Sources */,
				4DB0AA592B2131F900E08AAE /* CreateNewDogView.swift in Sources */,
				4DB0AA562B2131F900E08AAE /* MainView.swift in Sources */,
				B899D4562B2205A000AD2A14 /* CreateDogsFile.swift in Sources */,
				4D68AF0B2B24EECE00BAAEAD /* OwnAccountView.swift in Sources */,
				4DB0AA572B2131F900E08AAE /* DogCardView.swift in Sources */,
				4DB0AA672B22669F00E08AAE /* SignUpView.swift in Sources */,
				4DB0AA542B2131F900E08AAE /* MyDogsView.swift in Sources */,
				5838B3F02B1F7C3300E43B91 /* Item.swift in Sources */,
				585614BE2B23022700BF076A /* RootViewController.swift in Sources */,
				4DB0AA552B2131F900E08AAE /* OwnDogView.swift in Sources */,
				4DB0AA582B2131F900E08AAE /* BackgroundLogic.swift in Sources */,
				5838B3EC2B1F7C3300E43B91 /* DoggyStyleApp.swift in Sources */,
			);
			runOnlyForDeploymentPostprocessing = 0;
		};
/* End PBXSourcesBuildPhase section */

/* Begin XCBuildConfiguration section */
		5838B3F62B1F7C3400E43B91 /* Debug */ = {
			isa = XCBuildConfiguration;
			buildSettings = {
				ALWAYS_SEARCH_USER_PATHS = NO;
				ASSETCATALOG_COMPILER_GENERATE_SWIFT_ASSET_SYMBOL_EXTENSIONS = YES;
				CLANG_ANALYZER_NONNULL = YES;
				CLANG_ANALYZER_NUMBER_OBJECT_CONVERSION = YES_AGGRESSIVE;
				CLANG_CXX_LANGUAGE_STANDARD = "gnu++20";
				CLANG_ENABLE_MODULES = YES;
				CLANG_ENABLE_OBJC_ARC = YES;
				CLANG_ENABLE_OBJC_WEAK = YES;
				CLANG_WARN_BLOCK_CAPTURE_AUTORELEASING = YES;
				CLANG_WARN_BOOL_CONVERSION = YES;
				CLANG_WARN_COMMA = YES;
				CLANG_WARN_CONSTANT_CONVERSION = YES;
				CLANG_WARN_DEPRECATED_OBJC_IMPLEMENTATIONS = YES;
				CLANG_WARN_DIRECT_OBJC_ISA_USAGE = YES_ERROR;
				CLANG_WARN_DOCUMENTATION_COMMENTS = YES;
				CLANG_WARN_EMPTY_BODY = YES;
				CLANG_WARN_ENUM_CONVERSION = YES;
				CLANG_WARN_INFINITE_RECURSION = YES;
				CLANG_WARN_INT_CONVERSION = YES;
				CLANG_WARN_NON_LITERAL_NULL_CONVERSION = YES;
				CLANG_WARN_OBJC_IMPLICIT_RETAIN_SELF = YES;
				CLANG_WARN_OBJC_LITERAL_CONVERSION = YES;
				CLANG_WARN_OBJC_ROOT_CLASS = YES_ERROR;
				CLANG_WARN_QUOTED_INCLUDE_IN_FRAMEWORK_HEADER = YES;
				CLANG_WARN_RANGE_LOOP_ANALYSIS = YES;
				CLANG_WARN_STRICT_PROTOTYPES = YES;
				CLANG_WARN_SUSPICIOUS_MOVE = YES;
				CLANG_WARN_UNGUARDED_AVAILABILITY = YES_AGGRESSIVE;
				CLANG_WARN_UNREACHABLE_CODE = YES;
				CLANG_WARN__DUPLICATE_METHOD_MATCH = YES;
				COPY_PHASE_STRIP = NO;
				DEBUG_INFORMATION_FORMAT = dwarf;
				ENABLE_STRICT_OBJC_MSGSEND = YES;
				ENABLE_TESTABILITY = YES;
				ENABLE_USER_SCRIPT_SANDBOXING = YES;
				GCC_C_LANGUAGE_STANDARD = gnu17;
				GCC_DYNAMIC_NO_PIC = NO;
				GCC_NO_COMMON_BLOCKS = YES;
				GCC_OPTIMIZATION_LEVEL = 0;
				GCC_PREPROCESSOR_DEFINITIONS = (
					"DEBUG=1",
					"$(inherited)",
				);
				GCC_WARN_64_TO_32_BIT_CONVERSION = YES;
				GCC_WARN_ABOUT_RETURN_TYPE = YES_ERROR;
				GCC_WARN_UNDECLARED_SELECTOR = YES;
				GCC_WARN_UNINITIALIZED_AUTOS = YES_AGGRESSIVE;
				GCC_WARN_UNUSED_FUNCTION = YES;
				GCC_WARN_UNUSED_VARIABLE = YES;
				IPHONEOS_DEPLOYMENT_TARGET = 17.0;
				LOCALIZATION_PREFERS_STRING_CATALOGS = YES;
				MTL_ENABLE_DEBUG_INFO = INCLUDE_SOURCE;
				MTL_FAST_MATH = YES;
				ONLY_ACTIVE_ARCH = YES;
				SDKROOT = iphoneos;
				SWIFT_ACTIVE_COMPILATION_CONDITIONS = "DEBUG $(inherited)";
				SWIFT_OPTIMIZATION_LEVEL = "-Onone";
			};
			name = Debug;
		};
		5838B3F72B1F7C3400E43B91 /* Release */ = {
			isa = XCBuildConfiguration;
			buildSettings = {
				ALWAYS_SEARCH_USER_PATHS = NO;
				ASSETCATALOG_COMPILER_GENERATE_SWIFT_ASSET_SYMBOL_EXTENSIONS = YES;
				CLANG_ANALYZER_NONNULL = YES;
				CLANG_ANALYZER_NUMBER_OBJECT_CONVERSION = YES_AGGRESSIVE;
				CLANG_CXX_LANGUAGE_STANDARD = "gnu++20";
				CLANG_ENABLE_MODULES = YES;
				CLANG_ENABLE_OBJC_ARC = YES;
				CLANG_ENABLE_OBJC_WEAK = YES;
				CLANG_WARN_BLOCK_CAPTURE_AUTORELEASING = YES;
				CLANG_WARN_BOOL_CONVERSION = YES;
				CLANG_WARN_COMMA = YES;
				CLANG_WARN_CONSTANT_CONVERSION = YES;
				CLANG_WARN_DEPRECATED_OBJC_IMPLEMENTATIONS = YES;
				CLANG_WARN_DIRECT_OBJC_ISA_USAGE = YES_ERROR;
				CLANG_WARN_DOCUMENTATION_COMMENTS = YES;
				CLANG_WARN_EMPTY_BODY = YES;
				CLANG_WARN_ENUM_CONVERSION = YES;
				CLANG_WARN_INFINITE_RECURSION = YES;
				CLANG_WARN_INT_CONVERSION = YES;
				CLANG_WARN_NON_LITERAL_NULL_CONVERSION = YES;
				CLANG_WARN_OBJC_IMPLICIT_RETAIN_SELF = YES;
				CLANG_WARN_OBJC_LITERAL_CONVERSION = YES;
				CLANG_WARN_OBJC_ROOT_CLASS = YES_ERROR;
				CLANG_WARN_QUOTED_INCLUDE_IN_FRAMEWORK_HEADER = YES;
				CLANG_WARN_RANGE_LOOP_ANALYSIS = YES;
				CLANG_WARN_STRICT_PROTOTYPES = YES;
				CLANG_WARN_SUSPICIOUS_MOVE = YES;
				CLANG_WARN_UNGUARDED_AVAILABILITY = YES_AGGRESSIVE;
				CLANG_WARN_UNREACHABLE_CODE = YES;
				CLANG_WARN__DUPLICATE_METHOD_MATCH = YES;
				COPY_PHASE_STRIP = NO;
				DEBUG_INFORMATION_FORMAT = "dwarf-with-dsym";
				ENABLE_NS_ASSERTIONS = NO;
				ENABLE_STRICT_OBJC_MSGSEND = YES;
				ENABLE_USER_SCRIPT_SANDBOXING = YES;
				GCC_C_LANGUAGE_STANDARD = gnu17;
				GCC_NO_COMMON_BLOCKS = YES;
				GCC_WARN_64_TO_32_BIT_CONVERSION = YES;
				GCC_WARN_ABOUT_RETURN_TYPE = YES_ERROR;
				GCC_WARN_UNDECLARED_SELECTOR = YES;
				GCC_WARN_UNINITIALIZED_AUTOS = YES_AGGRESSIVE;
				GCC_WARN_UNUSED_FUNCTION = YES;
				GCC_WARN_UNUSED_VARIABLE = YES;
				IPHONEOS_DEPLOYMENT_TARGET = 17.0;
				LOCALIZATION_PREFERS_STRING_CATALOGS = YES;
				MTL_ENABLE_DEBUG_INFO = NO;
				MTL_FAST_MATH = YES;
				SDKROOT = iphoneos;
				SWIFT_COMPILATION_MODE = wholemodule;
				VALIDATE_PRODUCT = YES;
			};
			name = Release;
		};
		5838B3F92B1F7C3400E43B91 /* Debug */ = {
			isa = XCBuildConfiguration;
			buildSettings = {
				ASSETCATALOG_COMPILER_APPICON_NAME = AppIcon;
				ASSETCATALOG_COMPILER_GLOBAL_ACCENT_COLOR_NAME = AccentColor;
				CODE_SIGN_IDENTITY = "Apple Development";
				CODE_SIGN_STYLE = Automatic;
				CURRENT_PROJECT_VERSION = 1;
				DEVELOPMENT_ASSET_PATHS = "\"DoggyStyle/Preview Content\"";
				DEVELOPMENT_TEAM = QA9FXHQ3QW;
				ENABLE_PREVIEWS = YES;
				GENERATE_INFOPLIST_FILE = YES;
				INFOPLIST_FILE = DoggyStyle/Info.plist;
				INFOPLIST_KEY_CFBundleDisplayName = "Doggy Style";
				INFOPLIST_KEY_LSApplicationCategoryType = "public.app-category.lifestyle";
				INFOPLIST_KEY_UIApplicationSceneManifest_Generation = YES;
				INFOPLIST_KEY_UIApplicationSupportsIndirectInputEvents = YES;
				INFOPLIST_KEY_UILaunchScreen_Generation = YES;
				INFOPLIST_KEY_UIStatusBarStyle = "";
				INFOPLIST_KEY_UISupportedInterfaceOrientations = UIInterfaceOrientationPortrait;
				INFOPLIST_KEY_UISupportedInterfaceOrientations_iPad = "UIInterfaceOrientationLandscapeLeft UIInterfaceOrientationLandscapeRight UIInterfaceOrientationPortrait UIInterfaceOrientationPortraitUpsideDown";
				LD_RUNPATH_SEARCH_PATHS = (
					"$(inherited)",
					"@executable_path/Frameworks",
				);
				MARKETING_VERSION = 1.0;
				PRODUCT_BUNDLE_IDENTIFIER = de.felixparey.doggystyle;
				PRODUCT_NAME = "$(TARGET_NAME)";
				PROVISIONING_PROFILE_SPECIFIER = "";
				SUPPORTED_PLATFORMS = "iphoneos iphonesimulator macosx";
				SUPPORTS_MACCATALYST = NO;
				SUPPORTS_MAC_DESIGNED_FOR_IPHONE_IPAD = NO;
				SWIFT_EMIT_LOC_STRINGS = YES;
				SWIFT_VERSION = 5.0;
				TARGETED_DEVICE_FAMILY = "1,2";
			};
			name = Debug;
		};
		5838B3FA2B1F7C3400E43B91 /* Release */ = {
			isa = XCBuildConfiguration;
			buildSettings = {
				ASSETCATALOG_COMPILER_APPICON_NAME = AppIcon;
				ASSETCATALOG_COMPILER_GLOBAL_ACCENT_COLOR_NAME = AccentColor;
				CODE_SIGN_IDENTITY = "Apple Development";
				CODE_SIGN_STYLE = Automatic;
				CURRENT_PROJECT_VERSION = 1;
				DEVELOPMENT_ASSET_PATHS = "\"DoggyStyle/Preview Content\"";
				DEVELOPMENT_TEAM = QA9FXHQ3QW;
				ENABLE_PREVIEWS = YES;
				GENERATE_INFOPLIST_FILE = YES;
				INFOPLIST_FILE = DoggyStyle/Info.plist;
				INFOPLIST_KEY_CFBundleDisplayName = "Doggy Style";
				INFOPLIST_KEY_LSApplicationCategoryType = "public.app-category.lifestyle";
				INFOPLIST_KEY_UIApplicationSceneManifest_Generation = YES;
				INFOPLIST_KEY_UIApplicationSupportsIndirectInputEvents = YES;
				INFOPLIST_KEY_UILaunchScreen_Generation = YES;
				INFOPLIST_KEY_UIStatusBarStyle = "";
				INFOPLIST_KEY_UISupportedInterfaceOrientations = UIInterfaceOrientationPortrait;
				INFOPLIST_KEY_UISupportedInterfaceOrientations_iPad = "UIInterfaceOrientationLandscapeLeft UIInterfaceOrientationLandscapeRight UIInterfaceOrientationPortrait UIInterfaceOrientationPortraitUpsideDown";
				LD_RUNPATH_SEARCH_PATHS = (
					"$(inherited)",
					"@executable_path/Frameworks",
				);
				MARKETING_VERSION = 1.0;
				PRODUCT_BUNDLE_IDENTIFIER = de.felixparey.doggystyle;
				PRODUCT_NAME = "$(TARGET_NAME)";
				PROVISIONING_PROFILE_SPECIFIER = "";
				SUPPORTED_PLATFORMS = "iphoneos iphonesimulator macosx";
				SUPPORTS_MACCATALYST = NO;
				SUPPORTS_MAC_DESIGNED_FOR_IPHONE_IPAD = NO;
				SWIFT_EMIT_LOC_STRINGS = YES;
				SWIFT_VERSION = 5.0;
				TARGETED_DEVICE_FAMILY = "1,2";
			};
			name = Release;
		};
/* End XCBuildConfiguration section */

/* Begin XCConfigurationList section */
		5838B3E32B1F7C3300E43B91 /* Build configuration list for PBXProject "DoggyStyle" */ = {
			isa = XCConfigurationList;
			buildConfigurations = (
				5838B3F62B1F7C3400E43B91 /* Debug */,
				5838B3F72B1F7C3400E43B91 /* Release */,
			);
			defaultConfigurationIsVisible = 0;
			defaultConfigurationName = Release;
		};
		5838B3F82B1F7C3400E43B91 /* Build configuration list for PBXNativeTarget "DoggyStyle" */ = {
			isa = XCConfigurationList;
			buildConfigurations = (
				5838B3F92B1F7C3400E43B91 /* Debug */,
				5838B3FA2B1F7C3400E43B91 /* Release */,
			);
			defaultConfigurationIsVisible = 0;
			defaultConfigurationName = Release;
		};
/* End XCConfigurationList section */

/* Begin XCRemoteSwiftPackageReference section */
		581A4BFA2B1F824C004B7140 /* XCRemoteSwiftPackageReference "firebase-ios-sdk" */ = {
			isa = XCRemoteSwiftPackageReference;
			repositoryURL = "https://github.com/firebase/firebase-ios-sdk";
			requirement = {
				kind = upToNextMajorVersion;
				minimumVersion = 10.18.0;
			};
		};
		585614B82B23019900BF076A /* XCRemoteSwiftPackageReference "GoogleSignIn-iOS" */ = {
			isa = XCRemoteSwiftPackageReference;
			repositoryURL = "https://github.com/google/GoogleSignIn-iOS";
			requirement = {
				kind = upToNextMajorVersion;
				minimumVersion = 7.0.0;
			};
		};
/* End XCRemoteSwiftPackageReference section */

/* Begin XCSwiftPackageProductDependency section */
		581A4BFB2B1F824C004B7140 /* FirebaseAnalytics */ = {
			isa = XCSwiftPackageProductDependency;
			package = 581A4BFA2B1F824C004B7140 /* XCRemoteSwiftPackageReference "firebase-ios-sdk" */;
			productName = FirebaseAnalytics;
		};
		581A4BFD2B1F824C004B7140 /* FirebaseAnalyticsOnDeviceConversion */ = {
			isa = XCSwiftPackageProductDependency;
			package = 581A4BFA2B1F824C004B7140 /* XCRemoteSwiftPackageReference "firebase-ios-sdk" */;
			productName = FirebaseAnalyticsOnDeviceConversion;
		};
		581A4BFF2B1F824C004B7140 /* FirebaseAnalyticsSwift */ = {
			isa = XCSwiftPackageProductDependency;
			package = 581A4BFA2B1F824C004B7140 /* XCRemoteSwiftPackageReference "firebase-ios-sdk" */;
			productName = FirebaseAnalyticsSwift;
		};
		581A4C012B1F824C004B7140 /* FirebaseAnalyticsWithoutAdIdSupport */ = {
			isa = XCSwiftPackageProductDependency;
			package = 581A4BFA2B1F824C004B7140 /* XCRemoteSwiftPackageReference "firebase-ios-sdk" */;
			productName = FirebaseAnalyticsWithoutAdIdSupport;
		};
		581A4C032B1F824C004B7140 /* FirebaseAppCheck */ = {
			isa = XCSwiftPackageProductDependency;
			package = 581A4BFA2B1F824C004B7140 /* XCRemoteSwiftPackageReference "firebase-ios-sdk" */;
			productName = FirebaseAppCheck;
		};
		581A4C062B1F8516004B7140 /* FirebaseFirestore */ = {
			isa = XCSwiftPackageProductDependency;
			package = 581A4BFA2B1F824C004B7140 /* XCRemoteSwiftPackageReference "firebase-ios-sdk" */;
			productName = FirebaseFirestore;
		};
		585614B62B23012900BF076A /* FirebaseAuth */ = {
			isa = XCSwiftPackageProductDependency;
			package = 581A4BFA2B1F824C004B7140 /* XCRemoteSwiftPackageReference "firebase-ios-sdk" */;
			productName = FirebaseAuth;
		};
		585614B92B23019900BF076A /* GoogleSignIn */ = {
			isa = XCSwiftPackageProductDependency;
			package = 585614B82B23019900BF076A /* XCRemoteSwiftPackageReference "GoogleSignIn-iOS" */;
			productName = GoogleSignIn;
		};
		585614BB2B23019900BF076A /* GoogleSignInSwift */ = {
			isa = XCSwiftPackageProductDependency;
			package = 585614B82B23019900BF076A /* XCRemoteSwiftPackageReference "GoogleSignIn-iOS" */;
			productName = GoogleSignInSwift;
		};
/* End XCSwiftPackageProductDependency section */
	};
	rootObject = 5838B3E02B1F7C3300E43B91 /* Project object */;
}
